// !$*UTF8*$!
{
	archiveVersion = 1;
	classes = {
	};
	objectVersion = 50;
	objects = {

/* Begin PBXBuildFile section */
		635D9CC026BC077500C188D5 /* AppDelegate.m in Sources */ = {isa = PBXBuildFile; fileRef = 635D9CBF26BC077500C188D5 /* AppDelegate.m */; };
		635D9CC326BC077500C188D5 /* SceneDelegate.m in Sources */ = {isa = PBXBuildFile; fileRef = 635D9CC226BC077500C188D5 /* SceneDelegate.m */; };
		635D9CC626BC077500C188D5 /* ViewController.m in Sources */ = {isa = PBXBuildFile; fileRef = 635D9CC526BC077500C188D5 /* ViewController.m */; };
		635D9CC926BC077500C188D5 /* Main.storyboard in Resources */ = {isa = PBXBuildFile; fileRef = 635D9CC726BC077500C188D5 /* Main.storyboard */; };
		635D9CCB26BC077800C188D5 /* Assets.xcassets in Resources */ = {isa = PBXBuildFile; fileRef = 635D9CCA26BC077800C188D5 /* Assets.xcassets */; };
		635D9CCE26BC077800C188D5 /* LaunchScreen.storyboard in Resources */ = {isa = PBXBuildFile; fileRef = 635D9CCC26BC077800C188D5 /* LaunchScreen.storyboard */; };
		635D9CD126BC077800C188D5 /* main.m in Sources */ = {isa = PBXBuildFile; fileRef = 635D9CD026BC077800C188D5 /* main.m */; };
		635D9CDB26BC077800C188D5 /* cocktailAdvisorTests.m in Sources */ = {isa = PBXBuildFile; fileRef = 635D9CDA26BC077800C188D5 /* cocktailAdvisorTests.m */; };
		635D9CE626BC077800C188D5 /* cocktailAdvisorUITests.m in Sources */ = {isa = PBXBuildFile; fileRef = 635D9CE526BC077800C188D5 /* cocktailAdvisorUITests.m */; };
/* End PBXBuildFile section */

/* Begin PBXContainerItemProxy section */
		635D9CD726BC077800C188D5 /* PBXContainerItemProxy */ = {
			isa = PBXContainerItemProxy;
			containerPortal = 635D9CB326BC077500C188D5 /* Project object */;
			proxyType = 1;
			remoteGlobalIDString = 635D9CBA26BC077500C188D5;
			remoteInfo = cocktailAdvisor;
		};
		635D9CE226BC077800C188D5 /* PBXContainerItemProxy */ = {
			isa = PBXContainerItemProxy;
			containerPortal = 635D9CB326BC077500C188D5 /* Project object */;
			proxyType = 1;
			remoteGlobalIDString = 635D9CBA26BC077500C188D5;
			remoteInfo = cocktailAdvisor;
		};
/* End PBXContainerItemProxy section */

/* Begin PBXFileReference section */
		635D9CBB26BC077500C188D5 /* cocktailAdvisor.app */ = {isa = PBXFileReference; explicitFileType = wrapper.application; includeInIndex = 0; path = cocktailAdvisor.app; sourceTree = BUILT_PRODUCTS_DIR; };
		635D9CBE26BC077500C188D5 /* AppDelegate.h */ = {isa = PBXFileReference; lastKnownFileType = sourcecode.c.h; path = AppDelegate.h; sourceTree = "<group>"; };
		635D9CBF26BC077500C188D5 /* AppDelegate.m */ = {isa = PBXFileReference; lastKnownFileType = sourcecode.c.objc; path = AppDelegate.m; sourceTree = "<group>"; };
		635D9CC126BC077500C188D5 /* SceneDelegate.h */ = {isa = PBXFileReference; lastKnownFileType = sourcecode.c.h; path = SceneDelegate.h; sourceTree = "<group>"; };
		635D9CC226BC077500C188D5 /* SceneDelegate.m */ = {isa = PBXFileReference; lastKnownFileType = sourcecode.c.objc; path = SceneDelegate.m; sourceTree = "<group>"; };
		635D9CC426BC077500C188D5 /* ViewController.h */ = {isa = PBXFileReference; lastKnownFileType = sourcecode.c.h; path = ViewController.h; sourceTree = "<group>"; };
		635D9CC526BC077500C188D5 /* ViewController.m */ = {isa = PBXFileReference; lastKnownFileType = sourcecode.c.objc; path = ViewController.m; sourceTree = "<group>"; };
		635D9CC826BC077500C188D5 /* Base */ = {isa = PBXFileReference; lastKnownFileType = file.storyboard; name = Base; path = Base.lproj/Main.storyboard; sourceTree = "<group>"; };
		635D9CCA26BC077800C188D5 /* Assets.xcassets */ = {isa = PBXFileReference; lastKnownFileType = folder.assetcatalog; path = Assets.xcassets; sourceTree = "<group>"; };
		635D9CCD26BC077800C188D5 /* Base */ = {isa = PBXFileReference; lastKnownFileType = file.storyboard; name = Base; path = Base.lproj/LaunchScreen.storyboard; sourceTree = "<group>"; };
		635D9CCF26BC077800C188D5 /* Info.plist */ = {isa = PBXFileReference; lastKnownFileType = text.plist.xml; path = Info.plist; sourceTree = "<group>"; };
		635D9CD026BC077800C188D5 /* main.m */ = {isa = PBXFileReference; lastKnownFileType = sourcecode.c.objc; path = main.m; sourceTree = "<group>"; };
		635D9CD626BC077800C188D5 /* cocktailAdvisorTests.xctest */ = {isa = PBXFileReference; explicitFileType = wrapper.cfbundle; includeInIndex = 0; path = cocktailAdvisorTests.xctest; sourceTree = BUILT_PRODUCTS_DIR; };
		635D9CDA26BC077800C188D5 /* cocktailAdvisorTests.m */ = {isa = PBXFileReference; lastKnownFileType = sourcecode.c.objc; path = cocktailAdvisorTests.m; sourceTree = "<group>"; };
		635D9CDC26BC077800C188D5 /* Info.plist */ = {isa = PBXFileReference; lastKnownFileType = text.plist.xml; path = Info.plist; sourceTree = "<group>"; };
		635D9CE126BC077800C188D5 /* cocktailAdvisorUITests.xctest */ = {isa = PBXFileReference; explicitFileType = wrapper.cfbundle; includeInIndex = 0; path = cocktailAdvisorUITests.xctest; sourceTree = BUILT_PRODUCTS_DIR; };
		635D9CE526BC077800C188D5 /* cocktailAdvisorUITests.m */ = {isa = PBXFileReference; lastKnownFileType = sourcecode.c.objc; path = cocktailAdvisorUITests.m; sourceTree = "<group>"; };
		635D9CE726BC077800C188D5 /* Info.plist */ = {isa = PBXFileReference; lastKnownFileType = text.plist.xml; path = Info.plist; sourceTree = "<group>"; };
/* End PBXFileReference section */

/* Begin PBXFrameworksBuildPhase section */
		635D9CB826BC077500C188D5 /* Frameworks */ = {
			isa = PBXFrameworksBuildPhase;
			buildActionMask = 2147483647;
			files = (
			);
			runOnlyForDeploymentPostprocessing = 0;
		};
		635D9CD326BC077800C188D5 /* Frameworks */ = {
			isa = PBXFrameworksBuildPhase;
			buildActionMask = 2147483647;
			files = (
			);
			runOnlyForDeploymentPostprocessing = 0;
		};
		635D9CDE26BC077800C188D5 /* Frameworks */ = {
			isa = PBXFrameworksBuildPhase;
			buildActionMask = 2147483647;
			files = (
			);
			runOnlyForDeploymentPostprocessing = 0;
		};
/* End PBXFrameworksBuildPhase section */

/* Begin PBXGroup section */
		635D9CB226BC077500C188D5 = {
			isa = PBXGroup;
			children = (
				635D9CBD26BC077500C188D5 /* cocktailAdvisor */,
				635D9CD926BC077800C188D5 /* cocktailAdvisorTests */,
				635D9CE426BC077800C188D5 /* cocktailAdvisorUITests */,
				635D9CBC26BC077500C188D5 /* Products */,
			);
			sourceTree = "<group>";
		};
		635D9CBC26BC077500C188D5 /* Products */ = {
			isa = PBXGroup;
			children = (
				635D9CBB26BC077500C188D5 /* cocktailAdvisor.app */,
				635D9CD626BC077800C188D5 /* cocktailAdvisorTests.xctest */,
				635D9CE126BC077800C188D5 /* cocktailAdvisorUITests.xctest */,
			);
			name = Products;
			sourceTree = "<group>";
		};
		635D9CBD26BC077500C188D5 /* cocktailAdvisor */ = {
			isa = PBXGroup;
			children = (
				635D9CBE26BC077500C188D5 /* AppDelegate.h */,
				635D9CBF26BC077500C188D5 /* AppDelegate.m */,
				635D9CC126BC077500C188D5 /* SceneDelegate.h */,
				635D9CC226BC077500C188D5 /* SceneDelegate.m */,
				635D9CC426BC077500C188D5 /* ViewController.h */,
				635D9CC526BC077500C188D5 /* ViewController.m */,
				635D9CC726BC077500C188D5 /* Main.storyboard */,
				635D9CCA26BC077800C188D5 /* Assets.xcassets */,
				635D9CCC26BC077800C188D5 /* LaunchScreen.storyboard */,
				635D9CCF26BC077800C188D5 /* Info.plist */,
				635D9CD026BC077800C188D5 /* main.m */,
			);
			path = cocktailAdvisor;
			sourceTree = "<group>";
		};
		635D9CD926BC077800C188D5 /* cocktailAdvisorTests */ = {
			isa = PBXGroup;
			children = (
				635D9CDA26BC077800C188D5 /* cocktailAdvisorTests.m */,
				635D9CDC26BC077800C188D5 /* Info.plist */,
			);
			path = cocktailAdvisorTests;
			sourceTree = "<group>";
		};
		635D9CE426BC077800C188D5 /* cocktailAdvisorUITests */ = {
			isa = PBXGroup;
			children = (
				635D9CE526BC077800C188D5 /* cocktailAdvisorUITests.m */,
				635D9CE726BC077800C188D5 /* Info.plist */,
			);
			path = cocktailAdvisorUITests;
			sourceTree = "<group>";
		};
/* End PBXGroup section */

/* Begin PBXNativeTarget section */
		635D9CBA26BC077500C188D5 /* cocktailAdvisor */ = {
			isa = PBXNativeTarget;
			buildConfigurationList = 635D9CEA26BC077800C188D5 /* Build configuration list for PBXNativeTarget "cocktailAdvisor" */;
			buildPhases = (
				635D9CB726BC077500C188D5 /* Sources */,
				635D9CB826BC077500C188D5 /* Frameworks */,
				635D9CB926BC077500C188D5 /* Resources */,
			);
			buildRules = (
			);
			dependencies = (
			);
			name = cocktailAdvisor;
			productName = cocktailAdvisor;
			productReference = 635D9CBB26BC077500C188D5 /* cocktailAdvisor.app */;
			productType = "com.apple.product-type.application";
		};
		635D9CD526BC077800C188D5 /* cocktailAdvisorTests */ = {
			isa = PBXNativeTarget;
			buildConfigurationList = 635D9CED26BC077800C188D5 /* Build configuration list for PBXNativeTarget "cocktailAdvisorTests" */;
			buildPhases = (
				635D9CD226BC077800C188D5 /* Sources */,
				635D9CD326BC077800C188D5 /* Frameworks */,
				635D9CD426BC077800C188D5 /* Resources */,
			);
			buildRules = (
			);
			dependencies = (
				635D9CD826BC077800C188D5 /* PBXTargetDependency */,
			);
			name = cocktailAdvisorTests;
			productName = cocktailAdvisorTests;
			productReference = 635D9CD626BC077800C188D5 /* cocktailAdvisorTests.xctest */;
			productType = "com.apple.product-type.bundle.unit-test";
		};
		635D9CE026BC077800C188D5 /* cocktailAdvisorUITests */ = {
			isa = PBXNativeTarget;
			buildConfigurationList = 635D9CF026BC077800C188D5 /* Build configuration list for PBXNativeTarget "cocktailAdvisorUITests" */;
			buildPhases = (
				635D9CDD26BC077800C188D5 /* Sources */,
				635D9CDE26BC077800C188D5 /* Frameworks */,
				635D9CDF26BC077800C188D5 /* Resources */,
			);
			buildRules = (
			);
			dependencies = (
				635D9CE326BC077800C188D5 /* PBXTargetDependency */,
			);
			name = cocktailAdvisorUITests;
			productName = cocktailAdvisorUITests;
			productReference = 635D9CE126BC077800C188D5 /* cocktailAdvisorUITests.xctest */;
			productType = "com.apple.product-type.bundle.ui-testing";
		};
/* End PBXNativeTarget section */

/* Begin PBXProject section */
		635D9CB326BC077500C188D5 /* Project object */ = {
			isa = PBXProject;
			attributes = {
				LastUpgradeCheck = 1250;
				TargetAttributes = {
					635D9CBA26BC077500C188D5 = {
						CreatedOnToolsVersion = 12.5.1;
					};
					635D9CD526BC077800C188D5 = {
						CreatedOnToolsVersion = 12.5.1;
						TestTargetID = 635D9CBA26BC077500C188D5;
					};
					635D9CE026BC077800C188D5 = {
						CreatedOnToolsVersion = 12.5.1;
						TestTargetID = 635D9CBA26BC077500C188D5;
					};
				};
			};
			buildConfigurationList = 635D9CB626BC077500C188D5 /* Build configuration list for PBXProject "cocktailAdvisor" */;
			compatibilityVersion = "Xcode 9.3";
			developmentRegion = en;
			hasScannedForEncodings = 0;
			knownRegions = (
				en,
				Base,
			);
			mainGroup = 635D9CB226BC077500C188D5;
			productRefGroup = 635D9CBC26BC077500C188D5 /* Products */;
			projectDirPath = "";
			projectRoot = "";
			targets = (
				635D9CBA26BC077500C188D5 /* cocktailAdvisor */,
				635D9CD526BC077800C188D5 /* cocktailAdvisorTests */,
				635D9CE026BC077800C188D5 /* cocktailAdvisorUITests */,
			);
		};
/* End PBXProject section */

/* Begin PBXResourcesBuildPhase section */
		635D9CB926BC077500C188D5 /* Resources */ = {
			isa = PBXResourcesBuildPhase;
			buildActionMask = 2147483647;
			files = (
				635D9CCE26BC077800C188D5 /* LaunchScreen.storyboard in Resources */,
				635D9CCB26BC077800C188D5 /* Assets.xcassets in Resources */,
				635D9CC926BC077500C188D5 /* Main.storyboard in Resources */,
			);
			runOnlyForDeploymentPostprocessing = 0;
		};
		635D9CD426BC077800C188D5 /* Resources */ = {
			isa = PBXResourcesBuildPhase;
			buildActionMask = 2147483647;
			files = (
			);
			runOnlyForDeploymentPostprocessing = 0;
		};
		635D9CDF26BC077800C188D5 /* Resources */ = {
			isa = PBXResourcesBuildPhase;
			buildActionMask = 2147483647;
			files = (
			);
			runOnlyForDeploymentPostprocessing = 0;
		};
/* End PBXResourcesBuildPhase section */

/* Begin PBXSourcesBuildPhase section */
		635D9CB726BC077500C188D5 /* Sources */ = {
			isa = PBXSourcesBuildPhase;
			buildActionMask = 2147483647;
			files = (
				635D9CC626BC077500C188D5 /* ViewController.m in Sources */,
				635D9CC026BC077500C188D5 /* AppDelegate.m in Sources */,
				635D9CD126BC077800C188D5 /* main.m in Sources */,
				635D9CC326BC077500C188D5 /* SceneDelegate.m in Sources */,
			);
			runOnlyForDeploymentPostprocessing = 0;
		};
		635D9CD226BC077800C188D5 /* Sources */ = {
			isa = PBXSourcesBuildPhase;
			buildActionMask = 2147483647;
			files = (
				635D9CDB26BC077800C188D5 /* cocktailAdvisorTests.m in Sources */,
			);
			runOnlyForDeploymentPostprocessing = 0;
		};
		635D9CDD26BC077800C188D5 /* Sources */ = {
			isa = PBXSourcesBuildPhase;
			buildActionMask = 2147483647;
			files = (
				635D9CE626BC077800C188D5 /* cocktailAdvisorUITests.m in Sources */,
			);
			runOnlyForDeploymentPostprocessing = 0;
		};
/* End PBXSourcesBuildPhase section */

/* Begin PBXTargetDependency section */
		635D9CD826BC077800C188D5 /* PBXTargetDependency */ = {
			isa = PBXTargetDependency;
			target = 635D9CBA26BC077500C188D5 /* cocktailAdvisor */;
			targetProxy = 635D9CD726BC077800C188D5 /* PBXContainerItemProxy */;
		};
		635D9CE326BC077800C188D5 /* PBXTargetDependency */ = {
			isa = PBXTargetDependency;
			target = 635D9CBA26BC077500C188D5 /* cocktailAdvisor */;
			targetProxy = 635D9CE226BC077800C188D5 /* PBXContainerItemProxy */;
		};
/* End PBXTargetDependency section */

/* Begin PBXVariantGroup section */
		635D9CC726BC077500C188D5 /* Main.storyboard */ = {
			isa = PBXVariantGroup;
			children = (
				635D9CC826BC077500C188D5 /* Base */,
			);
			name = Main.storyboard;
			sourceTree = "<group>";
		};
		635D9CCC26BC077800C188D5 /* LaunchScreen.storyboard */ = {
			isa = PBXVariantGroup;
			children = (
				635D9CCD26BC077800C188D5 /* Base */,
			);
			name = LaunchScreen.storyboard;
			sourceTree = "<group>";
		};
/* End PBXVariantGroup section */

/* Begin XCBuildConfiguration section */
		635D9CE826BC077800C188D5 /* Debug */ = {
			isa = XCBuildConfiguration;
			buildSettings = {
				ALWAYS_SEARCH_USER_PATHS = NO;
				CLANG_ANALYZER_NONNULL = YES;
				CLANG_ANALYZER_NUMBER_OBJECT_CONVERSION = YES_AGGRESSIVE;
				CLANG_CXX_LANGUAGE_STANDARD = "gnu++14";
				CLANG_CXX_LIBRARY = "libc++";
				CLANG_ENABLE_MODULES = YES;
				CLANG_ENABLE_OBJC_ARC = YES;
				CLANG_ENABLE_OBJC_WEAK = YES;
				CLANG_WARN_BLOCK_CAPTURE_AUTORELEASING = YES;
				CLANG_WARN_BOOL_CONVERSION = YES;
				CLANG_WARN_COMMA = YES;
				CLANG_WARN_CONSTANT_CONVERSION = YES;
				CLANG_WARN_DEPRECATED_OBJC_IMPLEMENTATIONS = YES;
				CLANG_WARN_DIRECT_OBJC_ISA_USAGE = YES_ERROR;
				CLANG_WARN_DOCUMENTATION_COMMENTS = YES;
				CLANG_WARN_EMPTY_BODY = YES;
				CLANG_WARN_ENUM_CONVERSION = YES;
				CLANG_WARN_INFINITE_RECURSION = YES;
				CLANG_WARN_INT_CONVERSION = YES;
				CLANG_WARN_NON_LITERAL_NULL_CONVERSION = YES;
				CLANG_WARN_OBJC_IMPLICIT_RETAIN_SELF = YES;
				CLANG_WARN_OBJC_LITERAL_CONVERSION = YES;
				CLANG_WARN_OBJC_ROOT_CLASS = YES_ERROR;
				CLANG_WARN_QUOTED_INCLUDE_IN_FRAMEWORK_HEADER = YES;
				CLANG_WARN_RANGE_LOOP_ANALYSIS = YES;
				CLANG_WARN_STRICT_PROTOTYPES = YES;
				CLANG_WARN_SUSPICIOUS_MOVE = YES;
				CLANG_WARN_UNGUARDED_AVAILABILITY = YES_AGGRESSIVE;
				CLANG_WARN_UNREACHABLE_CODE = YES;
				CLANG_WARN__DUPLICATE_METHOD_MATCH = YES;
				COPY_PHASE_STRIP = NO;
				DEBUG_INFORMATION_FORMAT = dwarf;
				ENABLE_STRICT_OBJC_MSGSEND = YES;
				ENABLE_TESTABILITY = YES;
				GCC_C_LANGUAGE_STANDARD = gnu11;
				GCC_DYNAMIC_NO_PIC = NO;
				GCC_NO_COMMON_BLOCKS = YES;
				GCC_OPTIMIZATION_LEVEL = 0;
				GCC_PREPROCESSOR_DEFINITIONS = (
					"DEBUG=1",
					"$(inherited)",
				);
				GCC_WARN_64_TO_32_BIT_CONVERSION = YES;
				GCC_WARN_ABOUT_RETURN_TYPE = YES_ERROR;
				GCC_WARN_UNDECLARED_SELECTOR = YES;
				GCC_WARN_UNINITIALIZED_AUTOS = YES_AGGRESSIVE;
				GCC_WARN_UNUSED_FUNCTION = YES;
				GCC_WARN_UNUSED_VARIABLE = YES;
				IPHONEOS_DEPLOYMENT_TARGET = 14.5;
				MTL_ENABLE_DEBUG_INFO = INCLUDE_SOURCE;
				MTL_FAST_MATH = YES;
				ONLY_ACTIVE_ARCH = YES;
				SDKROOT = iphoneos;
			};
			name = Debug;
		};
		635D9CE926BC077800C188D5 /* Release */ = {
			isa = XCBuildConfiguration;
			buildSettings = {
				ALWAYS_SEARCH_USER_PATHS = NO;
				CLANG_ANALYZER_NONNULL = YES;
				CLANG_ANALYZER_NUMBER_OBJECT_CONVERSION = YES_AGGRESSIVE;
				CLANG_CXX_LANGUAGE_STANDARD = "gnu++14";
				CLANG_CXX_LIBRARY = "libc++";
				CLANG_ENABLE_MODULES = YES;
				CLANG_ENABLE_OBJC_ARC = YES;
				CLANG_ENABLE_OBJC_WEAK = YES;
				CLANG_WARN_BLOCK_CAPTURE_AUTORELEASING = YES;
				CLANG_WARN_BOOL_CONVERSION = YES;
				CLANG_WARN_COMMA = YES;
				CLANG_WARN_CONSTANT_CONVERSION = YES;
				CLANG_WARN_DEPRECATED_OBJC_IMPLEMENTATIONS = YES;
				CLANG_WARN_DIRECT_OBJC_ISA_USAGE = YES_ERROR;
				CLANG_WARN_DOCUMENTATION_COMMENTS = YES;
				CLANG_WARN_EMPTY_BODY = YES;
				CLANG_WARN_ENUM_CONVERSION = YES;
				CLANG_WARN_INFINITE_RECURSION = YES;
				CLANG_WARN_INT_CONVERSION = YES;
				CLANG_WARN_NON_LITERAL_NULL_CONVERSION = YES;
				CLANG_WARN_OBJC_IMPLICIT_RETAIN_SELF = YES;
				CLANG_WARN_OBJC_LITERAL_CONVERSION = YES;
				CLANG_WARN_OBJC_ROOT_CLASS = YES_ERROR;
				CLANG_WARN_QUOTED_INCLUDE_IN_FRAMEWORK_HEADER = YES;
				CLANG_WARN_RANGE_LOOP_ANALYSIS = YES;
				CLANG_WARN_STRICT_PROTOTYPES = YES;
				CLANG_WARN_SUSPICIOUS_MOVE = YES;
				CLANG_WARN_UNGUARDED_AVAILABILITY = YES_AGGRESSIVE;
				CLANG_WARN_UNREACHABLE_CODE = YES;
				CLANG_WARN__DUPLICATE_METHOD_MATCH = YES;
				COPY_PHASE_STRIP = NO;
				DEBUG_INFORMATION_FORMAT = "dwarf-with-dsym";
				ENABLE_NS_ASSERTIONS = NO;
				ENABLE_STRICT_OBJC_MSGSEND = YES;
				GCC_C_LANGUAGE_STANDARD = gnu11;
				GCC_NO_COMMON_BLOCKS = YES;
				GCC_WARN_64_TO_32_BIT_CONVERSION = YES;
				GCC_WARN_ABOUT_RETURN_TYPE = YES_ERROR;
				GCC_WARN_UNDECLARED_SELECTOR = YES;
				GCC_WARN_UNINITIALIZED_AUTOS = YES_AGGRESSIVE;
				GCC_WARN_UNUSED_FUNCTION = YES;
				GCC_WARN_UNUSED_VARIABLE = YES;
				IPHONEOS_DEPLOYMENT_TARGET = 14.5;
				MTL_ENABLE_DEBUG_INFO = NO;
				MTL_FAST_MATH = YES;
				SDKROOT = iphoneos;
				VALIDATE_PRODUCT = YES;
			};
			name = Release;
		};
		635D9CEB26BC077800C188D5 /* Debug */ = {
			isa = XCBuildConfiguration;
			buildSettings = {
				ASSETCATALOG_COMPILER_APPICON_NAME = AppIcon;
				ASSETCATALOG_COMPILER_GLOBAL_ACCENT_COLOR_NAME = AccentColor;
				CODE_SIGN_STYLE = Automatic;
				INFOPLIST_FILE = cocktailAdvisor/Info.plist;
				LD_RUNPATH_SEARCH_PATHS = (
					"$(inherited)",
					"@executable_path/Frameworks",
				);
				PRODUCT_BUNDLE_IDENTIFIER = com.ccubeTech.cocktailAdvisor;
				PRODUCT_NAME = "$(TARGET_NAME)";
				TARGETED_DEVICE_FAMILY = "1,2";
			};
			name = Debug;
		};
		635D9CEC26BC077800C188D5 /* Release */ = {
			isa = XCBuildConfiguration;
			buildSettings = {
				ASSETCATALOG_COMPILER_APPICON_NAME = AppIcon;
				ASSETCATALOG_COMPILER_GLOBAL_ACCENT_COLOR_NAME = AccentColor;
				CODE_SIGN_STYLE = Automatic;
				INFOPLIST_FILE = cocktailAdvisor/Info.plist;
				LD_RUNPATH_SEARCH_PATHS = (
					"$(inherited)",
					"@executable_path/Frameworks",
				);
				PRODUCT_BUNDLE_IDENTIFIER = com.ccubeTech.cocktailAdvisor;
				PRODUCT_NAME = "$(TARGET_NAME)";
				TARGETED_DEVICE_FAMILY = "1,2";
			};
			name = Release;
		};
		635D9CEE26BC077800C188D5 /* Debug */ = {
			isa = XCBuildConfiguration;
			buildSettings = {
				BUNDLE_LOADER = "$(TEST_HOST)";
				CODE_SIGN_STYLE = Automatic;
				INFOPLIST_FILE = cocktailAdvisorTests/Info.plist;
				IPHONEOS_DEPLOYMENT_TARGET = 14.5;
				LD_RUNPATH_SEARCH_PATHS = (
					"$(inherited)",
					"@executable_path/Frameworks",
					"@loader_path/Frameworks",
				);
				PRODUCT_BUNDLE_IDENTIFIER = com.ccubeTech.cocktailAdvisorTests;
				PRODUCT_NAME = "$(TARGET_NAME)";
				TARGETED_DEVICE_FAMILY = "1,2";
				TEST_HOST = "$(BUILT_PRODUCTS_DIR)/cocktailAdvisor.app/cocktailAdvisor";
			};
			name = Debug;
		};
		635D9CEF26BC077800C188D5 /* Release */ = {
			isa = XCBuildConfiguration;
			buildSettings = {
				BUNDLE_LOADER = "$(TEST_HOST)";
				CODE_SIGN_STYLE = Automatic;
				INFOPLIST_FILE = cocktailAdvisorTests/Info.plist;
				IPHONEOS_DEPLOYMENT_TARGET = 14.5;
				LD_RUNPATH_SEARCH_PATHS = (
					"$(inherited)",
					"@executable_path/Frameworks",
					"@loader_path/Frameworks",
				);
				PRODUCT_BUNDLE_IDENTIFIER = com.ccubeTech.cocktailAdvisorTests;
				PRODUCT_NAME = "$(TARGET_NAME)";
				TARGETED_DEVICE_FAMILY = "1,2";
				TEST_HOST = "$(BUILT_PRODUCTS_DIR)/cocktailAdvisor.app/cocktailAdvisor";
			};
			name = Release;
		};
		635D9CF126BC077800C188D5 /* Debug */ = {
			isa = XCBuildConfiguration;
			buildSettings = {
				CODE_SIGN_STYLE = Automatic;
				INFOPLIST_FILE = cocktailAdvisorUITests/Info.plist;
				LD_RUNPATH_SEARCH_PATHS = (
					"$(inherited)",
					"@executable_path/Frameworks",
					"@loader_path/Frameworks",
				);
				PRODUCT_BUNDLE_IDENTIFIER = com.ccubeTech.cocktailAdvisorUITests;
				PRODUCT_NAME = "$(TARGET_NAME)";
				TARGETED_DEVICE_FAMILY = "1,2";
				TEST_TARGET_NAME = cocktailAdvisor;
			};
			name = Debug;
		};
		635D9CF226BC077800C188D5 /* Release */ = {
			isa = XCBuildConfiguration;
			buildSettings = {
				CODE_SIGN_STYLE = Automatic;
				INFOPLIST_FILE = cocktailAdvisorUITests/Info.plist;
				LD_RUNPATH_SEARCH_PATHS = (
					"$(inherited)",
					"@executable_path/Frameworks",
					"@loader_path/Frameworks",
				);
				PRODUCT_BUNDLE_IDENTIFIER = com.ccubeTech.cocktailAdvisorUITests;
				PRODUCT_NAME = "$(TARGET_NAME)";
				TARGETED_DEVICE_FAMILY = "1,2";
				TEST_TARGET_NAME = cocktailAdvisor;
			};
			name = Release;
		};
/* End XCBuildConfiguration section */

/* Begin XCConfigurationList section */
		635D9CB626BC077500C188D5 /* Build configuration list for PBXProject "cocktailAdvisor" */ = {
			isa = XCConfigurationList;
			buildConfigurations = (
				635D9CE826BC077800C188D5 /* Debug */,
				635D9CE926BC077800C188D5 /* Release */,
			);
			defaultConfigurationIsVisible = 0;
			defaultConfigurationName = Release;
		};
		635D9CEA26BC077800C188D5 /* Build configuration list for PBXNativeTarget "cocktailAdvisor" */ = {
			isa = XCConfigurationList;
			buildConfigurations = (
				635D9CEB26BC077800C188D5 /* Debug */,
				635D9CEC26BC077800C188D5 /* Release */,
			);
			defaultConfigurationIsVisible = 0;
			defaultConfigurationName = Release;
		};
		635D9CED26BC077800C188D5 /* Build configuration list for PBXNativeTarget "cocktailAdvisorTests" */ = {
			isa = XCConfigurationList;
			buildConfigurations = (
				635D9CEE26BC077800C188D5 /* Debug */,
				635D9CEF26BC077800C188D5 /* Release */,
			);
			defaultConfigurationIsVisible = 0;
			defaultConfigurationName = Release;
		};
		635D9CF026BC077800C188D5 /* Build configuration list for PBXNativeTarget "cocktailAdvisorUITests" */ = {
			isa = XCConfigurationList;
			buildConfigurations = (
				635D9CF126BC077800C188D5 /* Debug */,
				635D9CF226BC077800C188D5 /* Release */,
			);
			defaultConfigurationIsVisible = 0;
			defaultConfigurationName = Release;
		};
/* End XCConfigurationList section */
	};
	rootObject = 635D9CB326BC077500C188D5 /* Project object */;
}
